{
    "_readme": [
        "This file locks the dependencies of your project to a known state",
        "Read more about it at https://getcomposer.org/doc/01-basic-usage.md#composer-lock-the-lock-file",
        "This file is @generated automatically"
    ],
    "content-hash": "700c8571c5a03b90723a0dc82d07df9e",
    "packages": [
        {
            "name": "magento-ecg/coding-standard",
            "version": "3.1",
            "source": {
                "type": "git",
                "url": "https://github.com/magento-ecg/coding-standard.git",
                "reference": "fbeeb7ad68de02b15753d56dda9493af9c35bcaf"
            },
            "dist": {
                "type": "zip",
                "url": "https://api.github.com/repos/magento-ecg/coding-standard/zipball/fbeeb7ad68de02b15753d56dda9493af9c35bcaf",
                "reference": "fbeeb7ad68de02b15753d56dda9493af9c35bcaf",
                "shasum": ""
            },
            "require": {
                "php": ">=5.4.0",
                "squizlabs/php_codesniffer": "^3.0"
            },
            "type": "library",
            "notification-url": "https://packagist.org/downloads/",
            "license": [
                "MIT"
            ],
            "authors": [
                {
                    "name": "Magento Expert Consulting Group",
                    "homepage": "http://magentocommerce.com/consulting",
                    "role": "Maintainer"
                }
            ],
            "description": "A set of PHP_CodeSniffer rules and sniffs.",
            "homepage": "https://github.com/magento-ecg/coding-standard",
            "time": "2017-06-30T19:00:28+00:00"
        },
        {
            "name": "squizlabs/php_codesniffer",
            "version": "3.1.0",
            "source": {
                "type": "git",
                "url": "https://github.com/squizlabs/PHP_CodeSniffer.git",
                "reference": "3c2d0a0fe39684ba0c1eb842a6a775d0b938d699"
            },
            "dist": {
                "type": "zip",
                "url": "https://api.github.com/repos/squizlabs/PHP_CodeSniffer/zipball/3c2d0a0fe39684ba0c1eb842a6a775d0b938d699",
                "reference": "3c2d0a0fe39684ba0c1eb842a6a775d0b938d699",
                "shasum": ""
            },
            "require": {
                "ext-simplexml": "*",
                "ext-tokenizer": "*",
                "ext-xmlwriter": "*",
                "php": ">=5.4.0"
            },
            "require-dev": {
                "phpunit/phpunit": "^4.0 || ^5.0 || ^6.0"
            },
            "bin": [
                "bin/phpcs",
                "bin/phpcbf"
            ],
            "type": "library",
            "extra": {
                "branch-alias": {
                    "dev-master": "3.x-dev"
                }
            },
            "notification-url": "https://packagist.org/downloads/",
            "license": [
                "BSD-3-Clause"
            ],
            "authors": [
                {
                    "name": "Greg Sherwood",
                    "role": "lead"
                }
            ],
            "description": "PHP_CodeSniffer tokenizes PHP, JavaScript and CSS files and detects violations of a defined set of coding standards.",
            "homepage": "http://www.squizlabs.com/php-codesniffer",
            "keywords": [
                "phpcs",
                "standards"
            ],
            "time": "2017-09-19T22:47:14+00:00"
        }
    ],
    "packages-dev": [],
    "aliases": [],
    "minimum-stability": "stable",
    "stability-flags": [],
    "prefer-stable": false,
    "prefer-lowest": false,
    "platform": [],
    "platform-dev": []
}
